
Microsoft Visual Studio Solution File, Format Version 12.00
# Visual Studio Version 17
VisualStudioVersion = 17.8.34330.188
MinimumVisualStudioVersion = 10.0.40219.1
Project("{9A19103F-16F7-4668-BE54-9A1E7A4F7556}") = "Add Printer", "Add Printer.csproj", "{4AA94CD8-0D13-43A4-BEF5-CA018A565417}"
EndProject
Project("{54435603-DBB4-11D2-8724-00A0C9A8B90C}") = "AddPrinterInst", "..\AddPrinterInst\AddPrinterInst.vdproj", "{039E35FE-9578-464B-86FA-54EFBBA8108B}"
EndProject
Global
	GlobalSection(SolutionConfigurationPlatforms) = preSolution
		Debug|Any CPU = Debug|Any CPU
		Debug|ARM = Debug|ARM
		Debug|ARM64 = Debug|ARM64
		Debug|x64 = Debug|x64
		Debug|x86 = Debug|x86
		Release|Any CPU = Release|Any CPU
		Release|ARM = Release|ARM
		Release|ARM64 = Release|ARM64
		Release|x64 = Release|x64
		Release|x86 = Release|x86
	EndGlobalSection
	GlobalSection(ProjectConfigurationPlatforms) = postSolution
		{4AA94CD8-0D13-43A4-BEF5-CA018A565417}.Debug|Any CPU.ActiveCfg = Debug|Any CPU
		{4AA94CD8-0D13-43A4-BEF5-CA018A565417}.Debug|Any CPU.Build.0 = Debug|Any CPU
		{4AA94CD8-0D13-43A4-BEF5-CA018A565417}.Debug|ARM.ActiveCfg = Debug|Any CPU
		{4AA94CD8-0D13-43A4-BEF5-CA018A565417}.Debug|ARM.Build.0 = Debug|Any CPU
		{4AA94CD8-0D13-43A4-BEF5-CA018A565417}.Debug|ARM64.ActiveCfg = Debug|Any CPU
		{4AA94CD8-0D13-43A4-BEF5-CA018A565417}.Debug|ARM64.Build.0 = Debug|Any CPU
		{4AA94CD8-0D13-43A4-BEF5-CA018A565417}.Debug|x64.ActiveCfg = Debug|Any CPU
		{4AA94CD8-0D13-43A4-BEF5-CA018A565417}.Debug|x64.Build.0 = Debug|Any CPU
		{4AA94CD8-0D13-43A4-BEF5-CA018A565417}.Debug|x86.ActiveCfg = Debug|Any CPU
		{4AA94CD8-0D13-43A4-BEF5-CA018A565417}.Debug|x86.Build.0 = Debug|Any CPU
		{4AA94CD8-0D13-43A4-BEF5-CA018A565417}.Release|Any CPU.ActiveCfg = Release|Any CPU
		{4AA94CD8-0D13-43A4-BEF5-CA018A565417}.Release|Any CPU.Build.0 = Release|Any CPU
		{4AA94CD8-0D13-43A4-BEF5-CA018A565417}.Release|ARM.ActiveCfg = Release|Any CPU
		{4AA94CD8-0D13-43A4-BEF5-CA018A565417}.Release|ARM.Build.0 = Release|Any CPU
		{4AA94CD8-0D13-43A4-BEF5-CA018A565417}.Release|ARM64.ActiveCfg = Release|Any CPU
		{4AA94CD8-0D13-43A4-BEF5-CA018A565417}.Release|ARM64.Build.0 = Release|Any CPU
		{4AA94CD8-0D13-43A4-BEF5-CA018A565417}.Release|x64.ActiveCfg = Release|Any CPU
		{4AA94CD8-0D13-43A4-BEF5-CA018A565417}.Release|x64.Build.0 = Release|Any CPU
		{4AA94CD8-0D13-43A4-BEF5-CA018A565417}.Release|x86.ActiveCfg = Release|Any CPU
		{4AA94CD8-0D13-43A4-BEF5-CA018A565417}.Release|x86.Build.0 = Release|Any CPU
		{039E35FE-9578-464B-86FA-54EFBBA8108B}.Debug|Any CPU.ActiveCfg = Debug
		{039E35FE-9578-464B-86FA-54EFBBA8108B}.Debug|ARM.ActiveCfg = Debug
		{039E35FE-9578-464B-86FA-54EFBBA8108B}.Debug|ARM64.ActiveCfg = Debug
		{039E35FE-9578-464B-86FA-54EFBBA8108B}.Debug|x64.ActiveCfg = Debug
		{039E35FE-9578-464B-86FA-54EFBBA8108B}.Debug|x86.ActiveCfg = Debug
		{039E35FE-9578-464B-86FA-54EFBBA8108B}.Release|Any CPU.ActiveCfg = Release
		{039E35FE-9578-464B-86FA-54EFBBA8108B}.Release|ARM.ActiveCfg = Release
		{039E35FE-9578-464B-86FA-54EFBBA8108B}.Release|ARM64.ActiveCfg = Release
		{039E35FE-9578-464B-86FA-54EFBBA8108B}.Release|x64.ActiveCfg = Release
		{039E35FE-9578-464B-86FA-54EFBBA8108B}.Release|x86.ActiveCfg = Release
	EndGlobalSection
	GlobalSection(SolutionProperties) = preSolution
		HideSolutionNode = FALSE
	EndGlobalSection
	GlobalSection(ExtensibilityGlobals) = postSolution
		SolutionGuid = {F7DE7135-EF7A-42E9-AE93-74AD8C4F877A}
	EndGlobalSection
EndGlobal
