
Microsoft Visual Studio Solution File, Format Version 12.00
# Visual Studio Version 17
VisualStudioVersion = 17.8.34330.188
MinimumVisualStudioVersion = 10.0.40219.1
Project("{FAE04EC0-301F-11D3-BF4B-00C04F79EFBC}") = "Add Printer", "Add Printer.csproj", "{4AA94CD8-0D13-43A4-BEF5-CA018A565417}"
EndProject
Global
	GlobalSection(SolutionConfigurationPlatforms) = preSolution
		Debug|Any CPU = Debug|Any CPU
		Release|Any CPU = Release|Any CPU
	EndGlobalSection
	GlobalSection(ProjectConfigurationPlatforms) = postSolution
		{4AA94CD8-0D13-43A4-BEF5-CA018A565417}.Debug|Any CPU.ActiveCfg = Debug|Any CPU
		{4AA94CD8-0D13-43A4-BEF5-CA018A565417}.Debug|Any CPU.Build.0 = Debug|Any CPU
		{4AA94CD8-0D13-43A4-BEF5-CA018A565417}.Release|Any CPU.ActiveCfg = Release|Any CPU
		{4AA94CD8-0D13-43A4-BEF5-CA018A565417}.Release|Any CPU.Build.0 = Release|Any CPU
	EndGlobalSection
	GlobalSection(SolutionProperties) = preSolution
		HideSolutionNode = FALSE
	EndGlobalSection
	GlobalSection(ExtensibilityGlobals) = postSolution
		SolutionGuid = {F7DE7135-EF7A-42E9-AE93-74AD8C4F877A}
	EndGlobalSection
EndGlobal
